
Microsoft Visual Studio Solution File, Format Version 12.00
# Visual Studio Version 17
VisualStudioVersion = 17.13.35913.81 d17.13
MinimumVisualStudioVersion = 10.0.40219.1
Project("{54A90642-561A-4BB1-A94E-469ADEE60C69}") = "ilet.client", "ilet.client\ilet.client.esproj", "{CE8BE91F-F5DB-0148-52FF-8A0659876C47}"
EndProject
Project("{FAE04EC0-301F-11D3-BF4B-00C04F79EFBC}") = "ilet.Server", "ilet.Server\ilet.Server.csproj", "{F33AD96D-0A12-4474-BE5B-86E405A01A72}"
EndProject
Global
	GlobalSection(SolutionConfigurationPlatforms) = preSolution
		Debug|Any CPU = Debug|Any CPU
		Release|Any CPU = Release|Any CPU
	EndGlobalSection
	GlobalSection(ProjectConfigurationPlatforms) = postSolution
		{CE8BE91F-F5DB-0148-52FF-8A0659876C47}.Debug|Any CPU.ActiveCfg = Debug|Any CPU
		{CE8BE91F-F5DB-0148-52FF-8A0659876C47}.Debug|Any CPU.Build.0 = Debug|Any CPU
		{CE8BE91F-F5DB-0148-52FF-8A0659876C47}.Debug|Any CPU.Deploy.0 = Debug|Any CPU
		{CE8BE91F-F5DB-0148-52FF-8A0659876C47}.Release|Any CPU.ActiveCfg = Release|Any CPU
		{CE8BE91F-F5DB-0148-52FF-8A0659876C47}.Release|Any CPU.Build.0 = Release|Any CPU
		{CE8BE91F-F5DB-0148-52FF-8A0659876C47}.Release|Any CPU.Deploy.0 = Release|Any CPU
		{F33AD96D-0A12-4474-BE5B-86E405A01A72}.Debug|Any CPU.ActiveCfg = Debug|Any CPU
		{F33AD96D-0A12-4474-BE5B-86E405A01A72}.Debug|Any CPU.Build.0 = Debug|Any CPU
		{F33AD96D-0A12-4474-BE5B-86E405A01A72}.Release|Any CPU.ActiveCfg = Release|Any CPU
		{F33AD96D-0A12-4474-BE5B-86E405A01A72}.Release|Any CPU.Build.0 = Release|Any CPU
	EndGlobalSection
	GlobalSection(SolutionProperties) = preSolution
		HideSolutionNode = FALSE
	EndGlobalSection
	GlobalSection(ExtensibilityGlobals) = postSolution
		SolutionGuid = {0B5FB1C8-64FE-42DC-8C7C-C2A978994C22}
	EndGlobalSection
EndGlobal
