
Microsoft Visual Studio Solution File, Format Version 12.00
# Visual Studio Version 17
VisualStudioVersion = 17.13.35913.81
MinimumVisualStudioVersion = 10.0.40219.1
Project("{54A90642-561A-4BB1-A94E-469ADEE60C69}") = "ilet.client", "ilet.client\ilet.client.esproj", "{CE8BE91F-F5DB-0148-52FF-8A0659876C47}"
EndProject
Project("{E53339B2-1760-4266-BCC7-CA923CBCF16C}") = "docker-compose", "docker-compose\docker-compose.dcproj", "{DEADBEEF-DEAD-BEEF-DEAD-BEEFDEADBEEF}"
EndProject
Project("{FAE04EC0-301F-11D3-BF4B-00C04F79EFBC}") = "ilet.server", "ilet.server\ilet.server.csproj", "{A6D192C5-4799-C2CB-0997-EF694A69D855}"
EndProject
Global
	GlobalSection(SolutionConfigurationPlatforms) = preSolution
		Debug|Any CPU = Debug|Any CPU
		Debug|x64 = Debug|x64
		Release|Any CPU = Release|Any CPU
		Release|x64 = Release|x64
	EndGlobalSection
	GlobalSection(ProjectConfigurationPlatforms) = postSolution
		{CE8BE91F-F5DB-0148-52FF-8A0659876C47}.Debug|Any CPU.ActiveCfg = Debug|Any CPU
		{CE8BE91F-F5DB-0148-52FF-8A0659876C47}.Debug|Any CPU.Build.0 = Debug|Any CPU
		{CE8BE91F-F5DB-0148-52FF-8A0659876C47}.Debug|Any CPU.Deploy.0 = Debug|Any CPU
		{CE8BE91F-F5DB-0148-52FF-8A0659876C47}.Debug|x64.ActiveCfg = Debug|x64
		{CE8BE91F-F5DB-0148-52FF-8A0659876C47}.Debug|x64.Build.0 = Debug|x64
		{CE8BE91F-F5DB-0148-52FF-8A0659876C47}.Debug|x64.Deploy.0 = Debug|x64
		{CE8BE91F-F5DB-0148-52FF-8A0659876C47}.Release|Any CPU.ActiveCfg = Release|Any CPU
		{CE8BE91F-F5DB-0148-52FF-8A0659876C47}.Release|Any CPU.Build.0 = Release|Any CPU
		{CE8BE91F-F5DB-0148-52FF-8A0659876C47}.Release|Any CPU.Deploy.0 = Release|Any CPU
		{CE8BE91F-F5DB-0148-52FF-8A0659876C47}.Release|x64.ActiveCfg = Release|x64
		{CE8BE91F-F5DB-0148-52FF-8A0659876C47}.Release|x64.Build.0 = Release|x64
		{CE8BE91F-F5DB-0148-52FF-8A0659876C47}.Release|x64.Deploy.0 = Release|x64
		{DEADBEEF-DEAD-BEEF-DEAD-BEEFDEADBEEF}.Debug|Any CPU.ActiveCfg = Debug|Any CPU
		{DEADBEEF-DEAD-BEEF-DEAD-BEEFDEADBEEF}.Debug|Any CPU.Build.0 = Debug|Any CPU
		{DEADBEEF-DEAD-BEEF-DEAD-BEEFDEADBEEF}.Debug|x64.ActiveCfg = Debug|Any CPU
		{DEADBEEF-DEAD-BEEF-DEAD-BEEFDEADBEEF}.Debug|x64.Build.0 = Debug|Any CPU
		{DEADBEEF-DEAD-BEEF-DEAD-BEEFDEADBEEF}.Release|Any CPU.ActiveCfg = Release|Any CPU
		{DEADBEEF-DEAD-BEEF-DEAD-BEEFDEADBEEF}.Release|Any CPU.Build.0 = Release|Any CPU
		{DEADBEEF-DEAD-BEEF-DEAD-BEEFDEADBEEF}.Release|x64.ActiveCfg = Release|Any CPU
		{DEADBEEF-DEAD-BEEF-DEAD-BEEFDEADBEEF}.Release|x64.Build.0 = Release|Any CPU
		{A6D192C5-4799-C2CB-0997-EF694A69D855}.Debug|Any CPU.ActiveCfg = Debug|Any CPU
		{A6D192C5-4799-C2CB-0997-EF694A69D855}.Debug|Any CPU.Build.0 = Debug|Any CPU
		{A6D192C5-4799-C2CB-0997-EF694A69D855}.Debug|x64.ActiveCfg = Debug|x64
		{A6D192C5-4799-C2CB-0997-EF694A69D855}.Debug|x64.Build.0 = Debug|x64
		{A6D192C5-4799-C2CB-0997-EF694A69D855}.Release|Any CPU.ActiveCfg = Release|Any CPU
		{A6D192C5-4799-C2CB-0997-EF694A69D855}.Release|Any CPU.Build.0 = Release|Any CPU
		{A6D192C5-4799-C2CB-0997-EF694A69D855}.Release|x64.ActiveCfg = Release|x64
		{A6D192C5-4799-C2CB-0997-EF694A69D855}.Release|x64.Build.0 = Release|x64
	EndGlobalSection
	GlobalSection(SolutionProperties) = preSolution
		HideSolutionNode = FALSE
	EndGlobalSection
	GlobalSection(ExtensibilityGlobals) = postSolution
		SolutionGuid = {0B5FB1C8-64FE-42DC-8C7C-C2A978994C22}
	EndGlobalSection
EndGlobal
